<?xml version="1.0" encoding="utf-8"?>
<Project ToolsVersion="4.0" xmlns="http://schemas.microsoft.com/developer/msbuild/2003">
  <ItemGroup>
    <Filter Include="Source Files">
      <UniqueIdentifier>{4FC737F1-C7A5-4376-A066-2A32D752A2FF}</UniqueIdentifier>
      <Extensions>cpp;c;cc;cxx;c++;cppm;ixx;def;odl;idl;hpj;bat;asm;asmx</Extensions>
    </Filter>
    <Filter Include="Header Files">
      <UniqueIdentifier>{93995380-89BD-4b04-88EB-625FBE52EBFB}</UniqueIdentifier>
      <Extensions>h;hh;hpp;hxx;h++;hm;inl;inc;ipp;xsd</Extensions>
    </Filter>
    <Filter Include="Resource Files">
      <UniqueIdentifier>{67DA6AB6-F800-4c08-8B7A-83BB121AAD01}</UniqueIdentifier>
      <Extensions>rc;ico;cur;bmp;dlg;rc2;rct;bin;rgs;gif;jpg;jpeg;jpe;resx;tiff;tif;png;wav;mfcribbon-ms</Extensions>
    </Filter>
  </ItemGroup>
  <ItemGroup>
    <ClCompile Include="DC.cpp">
      <Filter>Source Files</Filter>
    </ClCompile>
    <ClCompile Include="disney.cpp">
      <Filter>Source Files</Filter>
    </ClCompile>
    <ClCompile Include="ExcelManger.cpp">
      <Filter>Source Files</Filter>
    </ClCompile>
    <ClCompile Include="homeForm.cpp">
      <Filter>Source Files</Filter>
    </ClCompile>
    <ClCompile Include="loginForm.cpp">
      <Filter>Source Files</Filter>
    </ClCompile>
    <ClCompile Include="Marvel.cpp">
      <Filter>Source Files</Filter>
    </ClCompile>
    <ClCompile Include="MovieDetailForm.cpp">
      <Filter>Source Files</Filter>
    </ClCompile>
    <ClCompile Include="profileForm.cpp">
      <Filter>Source Files</Filter>
    </ClCompile>
    <ClCompile Include="signinForm.cpp">
      <Filter>Source Files</Filter>
    </ClCompile>
    <ClCompile Include="Adaptations.cpp">
      <Filter>Source Files</Filter>
    </ClCompile>
    <ClCompile Include="Anime.cpp">
      <Filter>Source Files</Filter>
    </ClCompile>
  </ItemGroup>
  <ItemGroup>
    <ClInclude Include="DC.h">
      <Filter>Header Files</Filter>
    </ClInclude>
    <ClInclude Include="disney.h">
      <Filter>Header Files</Filter>
    </ClInclude>
    <ClInclude Include="ExcelManger.h">
      <Filter>Header Files</Filter>
    </ClInclude>
    <ClInclude Include="homeForm.h">
      <Filter>Header Files</Filter>
    </ClInclude>
    <ClInclude Include="loginForm.h">
      <Filter>Header Files</Filter>
    </ClInclude>
    <ClInclude Include="Marvel.h">
      <Filter>Header Files</Filter>
    </ClInclude>
    <ClInclude Include="marveldata.h">
      <Filter>Header Files</Filter>
    </ClInclude>
    <ClInclude Include="MovieDetailForm.h">
      <Filter>Header Files</Filter>
    </ClInclude>
    <ClInclude Include="profileForm.h">
      <Filter>Header Files</Filter>
    </ClInclude>
    <ClInclude Include="signinForm.h">
      <Filter>Header Files</Filter>
    </ClInclude>
    <ClInclude Include="users.h">
      <Filter>Header Files</Filter>
    </ClInclude>
    <ClInclude Include="Adaptations.h">
      <Filter>Header Files</Filter>
    </ClInclude>
    <ClInclude Include="Anime.h">
      <Filter>Header Files</Filter>
    </ClInclude>
    <ClInclude Include="Booking.h">
      <Filter>Header Files</Filter>
    </ClInclude>
  </ItemGroup>
  <ItemGroup>
    <EmbeddedResource Include="DC.resx">
      <Filter>Resource Files</Filter>
    </EmbeddedResource>
    <EmbeddedResource Include="disney.resx">
      <Filter>Resource Files</Filter>
    </EmbeddedResource>
    <EmbeddedResource Include="ExcelManger.resx">
      <Filter>Resource Files</Filter>
    </EmbeddedResource>
    <EmbeddedResource Include="homeForm.resx">
      <Filter>Resource Files</Filter>
    </EmbeddedResource>
    <EmbeddedResource Include="loginForm.resx">
      <Filter>Resource Files</Filter>
    </EmbeddedResource>
    <EmbeddedResource Include="Marvel.resx">
      <Filter>Resource Files</Filter>
    </EmbeddedResource>
    <EmbeddedResource Include="MovieDetailForm.resx">
      <Filter>Resource Files</Filter>
    </EmbeddedResource>
    <EmbeddedResource Include="profileForm.resx">
      <Filter>Resource Files</Filter>
    </EmbeddedResource>
    <EmbeddedResource Include="signinForm.resx">
      <Filter>Resource Files</Filter>
    </EmbeddedResource>
    <EmbeddedResource Include="Adaptations.resx">
      <Filter>Resource Files</Filter>
    </EmbeddedResource>
    <EmbeddedResource Include="Anime.resx">
      <Filter>Resource Files</Filter>
    </EmbeddedResource>
  </ItemGroup>
</Project>